
Microsoft Visual Studio Solution File, Format Version 12.00
# Visual Studio Version 16
VisualStudioVersion = 16.0.35229.62
MinimumVisualStudioVersion = 10.0.40219.1
Project("{FAE04EC0-301F-11D3-BF4B-00C04F79EFBC}") = "PR4", "PR4\PR4.csproj", "{83871B3A-53F9-4BD1-B67F-EF8C82CBFB24}"
EndProject
Global
	GlobalSection(SolutionConfigurationPlatforms) = preSolution
		Debug|Any CPU = Debug|Any CPU
		Release|Any CPU = Release|Any CPU
	EndGlobalSection
	GlobalSection(ProjectConfigurationPlatforms) = postSolution
		{83871B3A-53F9-4BD1-B67F-EF8C82CBFB24}.Debug|Any CPU.ActiveCfg = Debug|Any CPU
		{83871B3A-53F9-4BD1-B67F-EF8C82CBFB24}.Debug|Any CPU.Build.0 = Debug|Any CPU
		{83871B3A-53F9-4BD1-B67F-EF8C82CBFB24}.Release|Any CPU.ActiveCfg = Release|Any CPU
		{83871B3A-53F9-4BD1-B67F-EF8C82CBFB24}.Release|Any CPU.Build.0 = Release|Any CPU
	EndGlobalSection
	GlobalSection(SolutionProperties) = preSolution
		HideSolutionNode = FALSE
	EndGlobalSection
	GlobalSection(ExtensibilityGlobals) = postSolution
		SolutionGuid = {CF1DEBC8-2D8B-4F39-9FF9-50301CBB17BB}
	EndGlobalSection
EndGlobal
